<?xml version="1.0" encoding="UTF-8" standalone="yes" ?>
<CodeBlocks_project_file>
	<FileVersion major="1" minor="6" />
	<Project>
		<Option title="incubateur" />
		<Option pch_mode="2" />
		<Option compiler="gcc" />
		<Build>
			<Target title="Debug">
				<Option output="bin/Debug/incubateur" prefix_auto="1" extension_auto="1" />
				<Option object_output="obj/Debug/" />
				<Option type="1" />
				<Option compiler="gcc" />
				<Compiler>
					<Add option="-g" />
				</Compiler>
			</Target>
			<Target title="Release">
				<Option output="bin/Release/incubateur" prefix_auto="1" extension_auto="1" />
				<Option object_output="obj/Release/" />
				<Option type="1" />
				<Option compiler="gcc" />
				<Compiler>
					<Add option="-O2" />
				</Compiler>
				<Linker>
					<Add option="-s" />
				</Linker>
			</Target>
		</Build>
		<Compiler>
			<Add option="-Wall" />
			<Add option="-fexceptions" />
		</Compiler>
		<Unit filename="conference.cpp">
			<Option target="&lt;{~None~}&gt;" />
		</Unit>
		<Unit filename="conference.h">
			<Option target="&lt;{~None~}&gt;" />
		</Unit>
		<Unit filename="event.cpp">
			<Option target="&lt;{~None~}&gt;" />
		</Unit>
		<Unit filename="event.h">
			<Option target="&lt;{~None~}&gt;" />
		</Unit>
		<Unit filename="facture.cpp">
			<Option target="&lt;{~None~}&gt;" />
		</Unit>
		<Unit filename="facture.h">
			<Option target="&lt;{~None~}&gt;" />
		</Unit>
		<Unit filename="financiere.cpp">
			<Option target="&lt;{~None~}&gt;" />
		</Unit>
		<Unit filename="financiere.h">
			<Option target="&lt;{~None~}&gt;" />
		</Unit>
		<Unit filename="formation.cpp">
			<Option target="&lt;{~None~}&gt;" />
		</Unit>
		<Unit filename="formation.h">
			<Option target="&lt;{~None~}&gt;" />
		</Unit>
		<Unit filename="humaine.cpp">
			<Option target="&lt;{~None~}&gt;" />
		</Unit>
		<Unit filename="humaine.h">
			<Option target="&lt;{~None~}&gt;" />
		</Unit>
		<Unit filename="investisseur.cpp">
			<Option target="&lt;{~None~}&gt;" />
		</Unit>
		<Unit filename="investisseur.h">
			<Option target="&lt;{~None~}&gt;" />
		</Unit>
		<Unit filename="listeStartUp.cpp">
			<Option target="&lt;{~None~}&gt;" />
		</Unit>
		<Unit filename="listeStartUp.h">
			<Option target="&lt;{~None~}&gt;" />
		</Unit>
		<Unit filename="login.cpp">
			<Option target="&lt;{~None~}&gt;" />
		</Unit>
		<Unit filename="login.h">
			<Option target="&lt;{~None~}&gt;" />
		</Unit>
		<Unit filename="main.cpp" />
		<Unit filename="materielle.cpp">
			<Option target="&lt;{~None~}&gt;" />
		</Unit>
		<Unit filename="materielle.h">
			<Option target="&lt;{~None~}&gt;" />
		</Unit>
		<Unit filename="mentor.cpp">
			<Option target="&lt;{~None~}&gt;" />
		</Unit>
		<Unit filename="mentor.h">
			<Option target="&lt;{~None~}&gt;" />
		</Unit>
		<Unit filename="projet.cpp">
			<Option target="&lt;{~None~}&gt;" />
		</Unit>
		<Unit filename="projet.h">
			<Option target="&lt;{~None~}&gt;" />
		</Unit>
		<Unit filename="ressource.cpp">
			<Option target="&lt;{~None~}&gt;" />
		</Unit>
		<Unit filename="ressource.h">
			<Option target="&lt;{~None~}&gt;" />
		</Unit>
		<Unit filename="startups.cpp">
			<Option target="&lt;{~None~}&gt;" />
		</Unit>
		<Unit filename="startups.h">
			<Option target="&lt;{~None~}&gt;" />
		</Unit>
		<Extensions>
			<lib_finder disable_auto="1" />
		</Extensions>
	</Project>
</CodeBlocks_project_file>
